{
  "name": "gf-test",
  "version": "1.0.0",
  "lockfileVersion": 3,
  "requires": true,
  "packages": {
    "": {
      "name": "gf-test",
      "version": "1.0.0",
      "license": "ISC",
      "devDependencies": {
        "@playwright/test": "^1.51.0",
        "@types/node": "^22.13.10"
      }
    },
    "node_modules/@playwright/test": {
      "version": "1.51.0",
      "resolved": "https://pkgs.dev.azure.com/acium-inc/EBM/_packaging/AciumModules/npm/registry/@playwright/test/-/test-1.51.0.tgz",
      "integrity": "sha1-jVyEALRloL/bz5k+OQzuy5A+ptI=",
      "dev": true,
      "license": "Apache-2.0",
      "dependencies": {
        "playwright": "1.51.0"
      },
      "bin": {
        "playwright": "cli.js"
      },
      "engines": {
        "node": ">=18"
      }
    },
    "node_modules/@types/node": {
      "version": "22.13.10",
      "resolved": "https://pkgs.dev.azure.com/acium-inc/EBM/_packaging/AciumModules/npm/registry/@types/node/-/node-22.13.10.tgz",
      "integrity": "sha1-356jWMXtmRJmvswxCdwtyRJdd+Q=",
      "dev": true,
      "license": "MIT",
      "dependencies": {
        "undici-types": "~6.20.0"
      }
    },
    "node_modules/fsevents": {
      "version": "2.3.2",
      "resolved": "https://pkgs.dev.azure.com/acium-inc/EBM/_packaging/AciumModules/npm/registry/fsevents/-/fsevents-2.3.2.tgz",
      "integrity": "sha1-ilJveLj99GI7cJ4Ll1xSwkwC/Ro=",
      "dev": true,
      "hasInstallScript": true,
      "license": "MIT",
      "optional": true,
      "os": [
        "darwin"
      ],
      "engines": {
        "node": "^8.16.0 || ^10.6.0 || >=11.0.0"
      }
    },
    "node_modules/playwright": {
      "version": "1.51.0",
      "resolved": "https://pkgs.dev.azure.com/acium-inc/EBM/_packaging/AciumModules/npm/registry/playwright/-/playwright-1.51.0.tgz",
      "integrity": "sha1-m6FUSXumK8bcGZxY7hkpXrNaRwc=",
      "dev": true,
      "license": "Apache-2.0",
      "dependencies": {
        "playwright-core": "1.51.0"
      },
      "bin": {
        "playwright": "cli.js"
      },
      "engines": {
        "node": ">=18"
      },
      "optionalDependencies": {
        "fsevents": "2.3.2"
      }
    },
    "node_modules/playwright-core": {
      "version": "1.51.0",
      "resolved": "https://pkgs.dev.azure.com/acium-inc/EBM/_packaging/AciumModules/npm/registry/playwright-core/-/playwright-core-1.51.0.tgz",
      "integrity": "sha1-uyPqa7YpgkLQiK5elm/8+NyYJ+g=",
      "dev": true,
      "license": "Apache-2.0",
      "bin": {
        "playwright-core": "cli.js"
      },
      "engines": {
        "node": ">=18"
      }
    },
    "node_modules/undici-types": {
      "version": "6.20.0",
      "resolved": "https://pkgs.dev.azure.com/acium-inc/EBM/_packaging/AciumModules/npm/registry/undici-types/-/undici-types-6.20.0.tgz",
      "integrity": "sha1-gXG/IsH1iNFVTVW/IEvGJK84hDM=",
      "dev": true,
      "license": "MIT"
    }
  }
}
